// !$*UTF8*$!
{
	archiveVersion = 1;
	classes = {
	};
	objectVersion = 46;
	objects = {

/* Begin PBXBuildFile section */
		01229B991ED4D12000CE3272 /* ProCell.swift in Sources */ = {isa = PBXBuildFile; fileRef = 01229B981ED4D12000CE3272 /* ProCell.swift */; };
		01229B9B1ED4E6E600CE3272 /* XCUIElement+ScrollToElement.swift in Sources */ = {isa = PBXBuildFile; fileRef = 01229B9A1ED4E6E600CE3272 /* XCUIElement+ScrollToElement.swift */; };
		01229B9D1ED4E8F700CE3272 /* ProListUITests.swift in Sources */ = {isa = PBXBuildFile; fileRef = 01229B9C1ED4E8F700CE3272 /* ProListUITests.swift */; };
		01229B9F1ED4E9FD00CE3272 /* ProDetailsUITests.swift in Sources */ = {isa = PBXBuildFile; fileRef = 01229B9E1ED4E9FD00CE3272 /* ProDetailsUITests.swift */; };
		01229BB01ED4F1A100CE3272 /* ProDetails.storyboard in Resources */ = {isa = PBXBuildFile; fileRef = 01229BA71ED4F1A100CE3272 /* ProDetails.storyboard */; };
		01229BB11ED4F1A100CE3272 /* ProDetailsInteractor.swift in Sources */ = {isa = PBXBuildFile; fileRef = 01229BA81ED4F1A100CE3272 /* ProDetailsInteractor.swift */; };
		01229BB21ED4F1A100CE3272 /* ProDetailsInteractorProtocols.swift in Sources */ = {isa = PBXBuildFile; fileRef = 01229BA91ED4F1A100CE3272 /* ProDetailsInteractorProtocols.swift */; };
		01229BB31ED4F1A100CE3272 /* ProDetailsPresenter.swift in Sources */ = {isa = PBXBuildFile; fileRef = 01229BAA1ED4F1A100CE3272 /* ProDetailsPresenter.swift */; };
		01229BB41ED4F1A100CE3272 /* ProDetailsPresenterProtocols.swift in Sources */ = {isa = PBXBuildFile; fileRef = 01229BAB1ED4F1A100CE3272 /* ProDetailsPresenterProtocols.swift */; };
		01229BB51ED4F1A100CE3272 /* ProDetailsView.swift in Sources */ = {isa = PBXBuildFile; fileRef = 01229BAC1ED4F1A100CE3272 /* ProDetailsView.swift */; };
		01229BB61ED4F1A100CE3272 /* ProDetailsViewProtocols.swift in Sources */ = {isa = PBXBuildFile; fileRef = 01229BAD1ED4F1A100CE3272 /* ProDetailsViewProtocols.swift */; };
		01229BB71ED4F1A100CE3272 /* ProDetailsWireframe.swift in Sources */ = {isa = PBXBuildFile; fileRef = 01229BAE1ED4F1A100CE3272 /* ProDetailsWireframe.swift */; };
		01229BB81ED4F1A100CE3272 /* ProDetailsWireframeProtocols.swift in Sources */ = {isa = PBXBuildFile; fileRef = 01229BAF1ED4F1A100CE3272 /* ProDetailsWireframeProtocols.swift */; };
		01229BC61ED4F1AF00CE3272 /* ProDetailsInteractorTests.swift in Sources */ = {isa = PBXBuildFile; fileRef = 01229BBA1ED4F1AF00CE3272 /* ProDetailsInteractorTests.swift */; };
		01229BC71ED4F1AF00CE3272 /* ProDetailsInteractorToPresenterInterfaceMock.swift in Sources */ = {isa = PBXBuildFile; fileRef = 01229BBB1ED4F1AF00CE3272 /* ProDetailsInteractorToPresenterInterfaceMock.swift */; };
		01229BC81ED4F1AF00CE3272 /* ProDetailsNavigationInterfaceMock.swift in Sources */ = {isa = PBXBuildFile; fileRef = 01229BBC1ED4F1AF00CE3272 /* ProDetailsNavigationInterfaceMock.swift */; };
		01229BC91ED4F1AF00CE3272 /* ProDetailsPresenterTests.swift in Sources */ = {isa = PBXBuildFile; fileRef = 01229BBD1ED4F1AF00CE3272 /* ProDetailsPresenterTests.swift */; };
		01229BCA1ED4F1AF00CE3272 /* ProDetailsPresenterToInteractorInterfaceMock.swift in Sources */ = {isa = PBXBuildFile; fileRef = 01229BBE1ED4F1AF00CE3272 /* ProDetailsPresenterToInteractorInterfaceMock.swift */; };
		01229BCB1ED4F1AF00CE3272 /* ProDetailsPresenterToViewInterfaceMock.swift in Sources */ = {isa = PBXBuildFile; fileRef = 01229BBF1ED4F1AF00CE3272 /* ProDetailsPresenterToViewInterfaceMock.swift */; };
		01229BCC1ED4F1AF00CE3272 /* ProDetailsViewTests.swift in Sources */ = {isa = PBXBuildFile; fileRef = 01229BC01ED4F1AF00CE3272 /* ProDetailsViewTests.swift */; };
		01229BCD1ED4F1AF00CE3272 /* ProDetailsViewToPresenterInterfaceMock.swift in Sources */ = {isa = PBXBuildFile; fileRef = 01229BC11ED4F1AF00CE3272 /* ProDetailsViewToPresenterInterfaceMock.swift */; };
		01229BCE1ED4F1AF00CE3272 /* ProDetailsWireframeInterfacesMock.swift in Sources */ = {isa = PBXBuildFile; fileRef = 01229BC21ED4F1AF00CE3272 /* ProDetailsWireframeInterfacesMock.swift */; };
		01229BCF1ED4F1AF00CE3272 /* ProDetailsWireframeTests.swift in Sources */ = {isa = PBXBuildFile; fileRef = 01229BC31ED4F1AF00CE3272 /* ProDetailsWireframeTests.swift */; };
		01229BD01ED4F1AF00CE3272 /* ProDetailsWireframeToPresenterInterfaceMock.swift in Sources */ = {isa = PBXBuildFile; fileRef = 01229BC41ED4F1AF00CE3272 /* ProDetailsWireframeToPresenterInterfaceMock.swift */; };
		013BC61D1ED4C0C60018F313 /* ProsServiceMock.swift in Sources */ = {isa = PBXBuildFile; fileRef = 013BC61B1ED4C0A90018F313 /* ProsServiceMock.swift */; };
		0168F9C21ED3635B00AC45EB /* Localizable.plist in Resources */ = {isa = PBXBuildFile; fileRef = 0168F9C61ED3635B00AC45EB /* Localizable.plist */; };
		0168F9CE1ED3669100AC45EB /* String+Localized.swift in Sources */ = {isa = PBXBuildFile; fileRef = 0168F9CD1ED3669100AC45EB /* String+Localized.swift */; };
		0168F9D31ED36E2A00AC45EB /* Pro.swift in Sources */ = {isa = PBXBuildFile; fileRef = 0168F9D21ED36E2A00AC45EB /* Pro.swift */; };
		01851FF71ED6129800B5EC2E /* ProDetailsViewObject.swift in Sources */ = {isa = PBXBuildFile; fileRef = 01851FF61ED6129800B5EC2E /* ProDetailsViewObject.swift */; };
		019ADFC21ED7671A005C4C92 /* ProListViewObjectTests.swift in Sources */ = {isa = PBXBuildFile; fileRef = 019ADFC11ED7671A005C4C92 /* ProListViewObjectTests.swift */; };
		019ADFC41ED767D9005C4C92 /* ProDetailsViewObjectTests.swift in Sources */ = {isa = PBXBuildFile; fileRef = 019ADFC31ED767D9005C4C92 /* ProDetailsViewObjectTests.swift */; };
		01AD4DBA1ED3721300BEE589 /* ProTests.swift in Sources */ = {isa = PBXBuildFile; fileRef = 01AD4DB91ED3721300BEE589 /* ProTests.swift */; };
		01BDE8621ED4C90F002E1F52 /* ProListViewObject.swift in Sources */ = {isa = PBXBuildFile; fileRef = 01BDE8611ED4C90F002E1F52 /* ProListViewObject.swift */; };
		01C9C3B11ED37CE600E8C7A1 /* ProList.storyboard in Resources */ = {isa = PBXBuildFile; fileRef = 01C9C3A81ED37CE600E8C7A1 /* ProList.storyboard */; };
		01C9C3B21ED37CE600E8C7A1 /* ProListInteractor.swift in Sources */ = {isa = PBXBuildFile; fileRef = 01C9C3A91ED37CE600E8C7A1 /* ProListInteractor.swift */; };
		01C9C3B31ED37CE600E8C7A1 /* ProListInteractorProtocols.swift in Sources */ = {isa = PBXBuildFile; fileRef = 01C9C3AA1ED37CE600E8C7A1 /* ProListInteractorProtocols.swift */; };
		01C9C3B41ED37CE600E8C7A1 /* ProListPresenter.swift in Sources */ = {isa = PBXBuildFile; fileRef = 01C9C3AB1ED37CE600E8C7A1 /* ProListPresenter.swift */; };
		01C9C3B51ED37CE600E8C7A1 /* ProListPresenterProtocols.swift in Sources */ = {isa = PBXBuildFile; fileRef = 01C9C3AC1ED37CE600E8C7A1 /* ProListPresenterProtocols.swift */; };
		01C9C3B61ED37CE600E8C7A1 /* ProListView.swift in Sources */ = {isa = PBXBuildFile; fileRef = 01C9C3AD1ED37CE600E8C7A1 /* ProListView.swift */; };
		01C9C3B71ED37CE600E8C7A1 /* ProListViewProtocols.swift in Sources */ = {isa = PBXBuildFile; fileRef = 01C9C3AE1ED37CE600E8C7A1 /* ProListViewProtocols.swift */; };
		01C9C3B81ED37CE600E8C7A1 /* ProListWireframe.swift in Sources */ = {isa = PBXBuildFile; fileRef = 01C9C3AF1ED37CE600E8C7A1 /* ProListWireframe.swift */; };
		01C9C3B91ED37CE600E8C7A1 /* ProListWireframeProtocols.swift in Sources */ = {isa = PBXBuildFile; fileRef = 01C9C3B01ED37CE600E8C7A1 /* ProListWireframeProtocols.swift */; };
		01C9C3C71ED37CF300E8C7A1 /* ProListInteractorTests.swift in Sources */ = {isa = PBXBuildFile; fileRef = 01C9C3BB1ED37CF300E8C7A1 /* ProListInteractorTests.swift */; };
		01C9C3C81ED37CF300E8C7A1 /* ProListInteractorToPresenterInterfaceMock.swift in Sources */ = {isa = PBXBuildFile; fileRef = 01C9C3BC1ED37CF300E8C7A1 /* ProListInteractorToPresenterInterfaceMock.swift */; };
		01C9C3C91ED37CF300E8C7A1 /* ProListNavigationInterfaceMock.swift in Sources */ = {isa = PBXBuildFile; fileRef = 01C9C3BD1ED37CF300E8C7A1 /* ProListNavigationInterfaceMock.swift */; };
		01C9C3CA1ED37CF300E8C7A1 /* ProListPresenterTests.swift in Sources */ = {isa = PBXBuildFile; fileRef = 01C9C3BE1ED37CF300E8C7A1 /* ProListPresenterTests.swift */; };
		01C9C3CB1ED37CF300E8C7A1 /* ProListPresenterToInteractorInterfaceMock.swift in Sources */ = {isa = PBXBuildFile; fileRef = 01C9C3BF1ED37CF300E8C7A1 /* ProListPresenterToInteractorInterfaceMock.swift */; };
		01C9C3CC1ED37CF300E8C7A1 /* ProListPresenterToViewInterfaceMock.swift in Sources */ = {isa = PBXBuildFile; fileRef = 01C9C3C01ED37CF300E8C7A1 /* ProListPresenterToViewInterfaceMock.swift */; };
		01C9C3CD1ED37CF300E8C7A1 /* ProListViewTests.swift in Sources */ = {isa = PBXBuildFile; fileRef = 01C9C3C11ED37CF300E8C7A1 /* ProListViewTests.swift */; };
		01C9C3CE1ED37CF300E8C7A1 /* ProListViewToPresenterInterfaceMock.swift in Sources */ = {isa = PBXBuildFile; fileRef = 01C9C3C21ED37CF300E8C7A1 /* ProListViewToPresenterInterfaceMock.swift */; };
		01C9C3CF1ED37CF300E8C7A1 /* ProListWireframeInterfacesMock.swift in Sources */ = {isa = PBXBuildFile; fileRef = 01C9C3C31ED37CF300E8C7A1 /* ProListWireframeInterfacesMock.swift */; };
		01C9C3D01ED37CF300E8C7A1 /* ProListWireframeTests.swift in Sources */ = {isa = PBXBuildFile; fileRef = 01C9C3C41ED37CF300E8C7A1 /* ProListWireframeTests.swift */; };
		01C9C3D11ED37CF300E8C7A1 /* ProListWireframeToPresenterInterfaceMock.swift in Sources */ = {isa = PBXBuildFile; fileRef = 01C9C3C51ED37CF300E8C7A1 /* ProListWireframeToPresenterInterfaceMock.swift */; };
		01CCC6011ED3598100AD367C /* AppDelegate.swift in Sources */ = {isa = PBXBuildFile; fileRef = 01CCC6001ED3598100AD367C /* AppDelegate.swift */; };
		01CCC6081ED3598100AD367C /* Assets.xcassets in Resources */ = {isa = PBXBuildFile; fileRef = 01CCC6071ED3598100AD367C /* Assets.xcassets */; };
		01CCC60B1ED3598100AD367C /* LaunchScreen.storyboard in Resources */ = {isa = PBXBuildFile; fileRef = 01CCC6091ED3598100AD367C /* LaunchScreen.storyboard */; };
		01CCC6211ED3598100AD367C /* ProsUITests.swift in Sources */ = {isa = PBXBuildFile; fileRef = 01CCC6201ED3598100AD367C /* ProsUITests.swift */; };
		01FEC3EF1ED4ACFB002A3CEC /* JSONFileManager.swift in Sources */ = {isa = PBXBuildFile; fileRef = 01FEC3EE1ED4ACFB002A3CEC /* JSONFileManager.swift */; };
		01FEC3F11ED4ADB4002A3CEC /* pro_data.json in Resources */ = {isa = PBXBuildFile; fileRef = 01FEC3F01ED4ADB4002A3CEC /* pro_data.json */; };
		01FEC3F41ED4BA14002A3CEC /* ProsService.swift in Sources */ = {isa = PBXBuildFile; fileRef = 01FEC3F31ED4BA14002A3CEC /* ProsService.swift */; };
		634CA174E1C64368A9E19F04 /* Pods_Pros.framework in Frameworks */ = {isa = PBXBuildFile; fileRef = 0D1BB6878EA834CF10E2126F /* Pods_Pros.framework */; };
		74AF072C9F6282789D9D9442 /* Pods_ProsTests.framework in Frameworks */ = {isa = PBXBuildFile; fileRef = B4A5917D76E0A11926053DE7 /* Pods_ProsTests.framework */; };
		A90E58853BC4F27857BE2D15 /* Pods_ProsUITests.framework in Frameworks */ = {isa = PBXBuildFile; fileRef = 1D92024B118ED27D01DC413B /* Pods_ProsUITests.framework */; };
/* End PBXBuildFile section */

/* Begin PBXContainerItemProxy section */
		01CCC6121ED3598100AD367C /* PBXContainerItemProxy */ = {
			isa = PBXContainerItemProxy;
			containerPortal = 01CCC5F51ED3598100AD367C /* Project object */;
			proxyType = 1;
			remoteGlobalIDString = 01CCC5FC1ED3598100AD367C;
			remoteInfo = Pros;
		};
		01CCC61D1ED3598100AD367C /* PBXContainerItemProxy */ = {
			isa = PBXContainerItemProxy;
			containerPortal = 01CCC5F51ED3598100AD367C /* Project object */;
			proxyType = 1;
			remoteGlobalIDString = 01CCC5FC1ED3598100AD367C;
			remoteInfo = Pros;
		};
/* End PBXContainerItemProxy section */

/* Begin PBXFileReference section */
		01229B981ED4D12000CE3272 /* ProCell.swift */ = {isa = PBXFileReference; fileEncoding = 4; lastKnownFileType = sourcecode.swift; path = ProCell.swift; sourceTree = "<group>"; };
		01229B9A1ED4E6E600CE3272 /* XCUIElement+ScrollToElement.swift */ = {isa = PBXFileReference; fileEncoding = 4; lastKnownFileType = sourcecode.swift; path = "XCUIElement+ScrollToElement.swift"; sourceTree = "<group>"; };
		01229B9C1ED4E8F700CE3272 /* ProListUITests.swift */ = {isa = PBXFileReference; fileEncoding = 4; lastKnownFileType = sourcecode.swift; path = ProListUITests.swift; sourceTree = "<group>"; };
		01229B9E1ED4E9FD00CE3272 /* ProDetailsUITests.swift */ = {isa = PBXFileReference; fileEncoding = 4; lastKnownFileType = sourcecode.swift; path = ProDetailsUITests.swift; sourceTree = "<group>"; };
		01229BA71ED4F1A100CE3272 /* ProDetails.storyboard */ = {isa = PBXFileReference; fileEncoding = 4; lastKnownFileType = file.storyboard; path = ProDetails.storyboard; sourceTree = "<group>"; };
		01229BA81ED4F1A100CE3272 /* ProDetailsInteractor.swift */ = {isa = PBXFileReference; fileEncoding = 4; lastKnownFileType = sourcecode.swift; path = ProDetailsInteractor.swift; sourceTree = "<group>"; };
		01229BA91ED4F1A100CE3272 /* ProDetailsInteractorProtocols.swift */ = {isa = PBXFileReference; fileEncoding = 4; lastKnownFileType = sourcecode.swift; path = ProDetailsInteractorProtocols.swift; sourceTree = "<group>"; };
		01229BAA1ED4F1A100CE3272 /* ProDetailsPresenter.swift */ = {isa = PBXFileReference; fileEncoding = 4; lastKnownFileType = sourcecode.swift; path = ProDetailsPresenter.swift; sourceTree = "<group>"; };
		01229BAB1ED4F1A100CE3272 /* ProDetailsPresenterProtocols.swift */ = {isa = PBXFileReference; fileEncoding = 4; lastKnownFileType = sourcecode.swift; path = ProDetailsPresenterProtocols.swift; sourceTree = "<group>"; };
		01229BAC1ED4F1A100CE3272 /* ProDetailsView.swift */ = {isa = PBXFileReference; fileEncoding = 4; lastKnownFileType = sourcecode.swift; path = ProDetailsView.swift; sourceTree = "<group>"; };
		01229BAD1ED4F1A100CE3272 /* ProDetailsViewProtocols.swift */ = {isa = PBXFileReference; fileEncoding = 4; lastKnownFileType = sourcecode.swift; path = ProDetailsViewProtocols.swift; sourceTree = "<group>"; };
		01229BAE1ED4F1A100CE3272 /* ProDetailsWireframe.swift */ = {isa = PBXFileReference; fileEncoding = 4; lastKnownFileType = sourcecode.swift; path = ProDetailsWireframe.swift; sourceTree = "<group>"; };
		01229BAF1ED4F1A100CE3272 /* ProDetailsWireframeProtocols.swift */ = {isa = PBXFileReference; fileEncoding = 4; lastKnownFileType = sourcecode.swift; path = ProDetailsWireframeProtocols.swift; sourceTree = "<group>"; };
		01229BBA1ED4F1AF00CE3272 /* ProDetailsInteractorTests.swift */ = {isa = PBXFileReference; fileEncoding = 4; lastKnownFileType = sourcecode.swift; path = ProDetailsInteractorTests.swift; sourceTree = "<group>"; };
		01229BBB1ED4F1AF00CE3272 /* ProDetailsInteractorToPresenterInterfaceMock.swift */ = {isa = PBXFileReference; fileEncoding = 4; lastKnownFileType = sourcecode.swift; path = ProDetailsInteractorToPresenterInterfaceMock.swift; sourceTree = "<group>"; };
		01229BBC1ED4F1AF00CE3272 /* ProDetailsNavigationInterfaceMock.swift */ = {isa = PBXFileReference; fileEncoding = 4; lastKnownFileType = sourcecode.swift; path = ProDetailsNavigationInterfaceMock.swift; sourceTree = "<group>"; };
		01229BBD1ED4F1AF00CE3272 /* ProDetailsPresenterTests.swift */ = {isa = PBXFileReference; fileEncoding = 4; lastKnownFileType = sourcecode.swift; path = ProDetailsPresenterTests.swift; sourceTree = "<group>"; };
		01229BBE1ED4F1AF00CE3272 /* ProDetailsPresenterToInteractorInterfaceMock.swift */ = {isa = PBXFileReference; fileEncoding = 4; lastKnownFileType = sourcecode.swift; path = ProDetailsPresenterToInteractorInterfaceMock.swift; sourceTree = "<group>"; };
		01229BBF1ED4F1AF00CE3272 /* ProDetailsPresenterToViewInterfaceMock.swift */ = {isa = PBXFileReference; fileEncoding = 4; lastKnownFileType = sourcecode.swift; path = ProDetailsPresenterToViewInterfaceMock.swift; sourceTree = "<group>"; };
		01229BC01ED4F1AF00CE3272 /* ProDetailsViewTests.swift */ = {isa = PBXFileReference; fileEncoding = 4; lastKnownFileType = sourcecode.swift; path = ProDetailsViewTests.swift; sourceTree = "<group>"; };
		01229BC11ED4F1AF00CE3272 /* ProDetailsViewToPresenterInterfaceMock.swift */ = {isa = PBXFileReference; fileEncoding = 4; lastKnownFileType = sourcecode.swift; path = ProDetailsViewToPresenterInterfaceMock.swift; sourceTree = "<group>"; };
		01229BC21ED4F1AF00CE3272 /* ProDetailsWireframeInterfacesMock.swift */ = {isa = PBXFileReference; fileEncoding = 4; lastKnownFileType = sourcecode.swift; path = ProDetailsWireframeInterfacesMock.swift; sourceTree = "<group>"; };
		01229BC31ED4F1AF00CE3272 /* ProDetailsWireframeTests.swift */ = {isa = PBXFileReference; fileEncoding = 4; lastKnownFileType = sourcecode.swift; path = ProDetailsWireframeTests.swift; sourceTree = "<group>"; };
		01229BC41ED4F1AF00CE3272 /* ProDetailsWireframeToPresenterInterfaceMock.swift */ = {isa = PBXFileReference; fileEncoding = 4; lastKnownFileType = sourcecode.swift; path = ProDetailsWireframeToPresenterInterfaceMock.swift; sourceTree = "<group>"; };
		013BC61B1ED4C0A90018F313 /* ProsServiceMock.swift */ = {isa = PBXFileReference; fileEncoding = 4; lastKnownFileType = sourcecode.swift; path = ProsServiceMock.swift; sourceTree = "<group>"; };
		0168F9C51ED3635B00AC45EB /* Base */ = {isa = PBXFileReference; lastKnownFileType = text.plist.xml; name = Base; path = Base.lproj/Localizable.plist; sourceTree = "<group>"; };
		0168F9CD1ED3669100AC45EB /* String+Localized.swift */ = {isa = PBXFileReference; fileEncoding = 4; lastKnownFileType = sourcecode.swift; path = "String+Localized.swift"; sourceTree = "<group>"; };
		0168F9D21ED36E2A00AC45EB /* Pro.swift */ = {isa = PBXFileReference; fileEncoding = 4; lastKnownFileType = sourcecode.swift; path = Pro.swift; sourceTree = "<group>"; };
		01851FF61ED6129800B5EC2E /* ProDetailsViewObject.swift */ = {isa = PBXFileReference; fileEncoding = 4; lastKnownFileType = sourcecode.swift; path = ProDetailsViewObject.swift; sourceTree = "<group>"; };
		019ADFC11ED7671A005C4C92 /* ProListViewObjectTests.swift */ = {isa = PBXFileReference; fileEncoding = 4; lastKnownFileType = sourcecode.swift; path = ProListViewObjectTests.swift; sourceTree = "<group>"; };
		019ADFC31ED767D9005C4C92 /* ProDetailsViewObjectTests.swift */ = {isa = PBXFileReference; fileEncoding = 4; lastKnownFileType = sourcecode.swift; path = ProDetailsViewObjectTests.swift; sourceTree = "<group>"; };
		01AD4DB91ED3721300BEE589 /* ProTests.swift */ = {isa = PBXFileReference; fileEncoding = 4; lastKnownFileType = sourcecode.swift; path = ProTests.swift; sourceTree = "<group>"; };
		01BDE8611ED4C90F002E1F52 /* ProListViewObject.swift */ = {isa = PBXFileReference; fileEncoding = 4; lastKnownFileType = sourcecode.swift; path = ProListViewObject.swift; sourceTree = "<group>"; };
		01C9C3A81ED37CE600E8C7A1 /* ProList.storyboard */ = {isa = PBXFileReference; fileEncoding = 4; lastKnownFileType = file.storyboard; path = ProList.storyboard; sourceTree = "<group>"; };
		01C9C3A91ED37CE600E8C7A1 /* ProListInteractor.swift */ = {isa = PBXFileReference; fileEncoding = 4; lastKnownFileType = sourcecode.swift; path = ProListInteractor.swift; sourceTree = "<group>"; };
		01C9C3AA1ED37CE600E8C7A1 /* ProListInteractorProtocols.swift */ = {isa = PBXFileReference; fileEncoding = 4; lastKnownFileType = sourcecode.swift; path = ProListInteractorProtocols.swift; sourceTree = "<group>"; };
		01C9C3AB1ED37CE600E8C7A1 /* ProListPresenter.swift */ = {isa = PBXFileReference; fileEncoding = 4; lastKnownFileType = sourcecode.swift; path = ProListPresenter.swift; sourceTree = "<group>"; };
		01C9C3AC1ED37CE600E8C7A1 /* ProListPresenterProtocols.swift */ = {isa = PBXFileReference; fileEncoding = 4; lastKnownFileType = sourcecode.swift; path = ProListPresenterProtocols.swift; sourceTree = "<group>"; };
		01C9C3AD1ED37CE600E8C7A1 /* ProListView.swift */ = {isa = PBXFileReference; fileEncoding = 4; lastKnownFileType = sourcecode.swift; path = ProListView.swift; sourceTree = "<group>"; };
		01C9C3AE1ED37CE600E8C7A1 /* ProListViewProtocols.swift */ = {isa = PBXFileReference; fileEncoding = 4; lastKnownFileType = sourcecode.swift; path = ProListViewProtocols.swift; sourceTree = "<group>"; };
		01C9C3AF1ED37CE600E8C7A1 /* ProListWireframe.swift */ = {isa = PBXFileReference; fileEncoding = 4; lastKnownFileType = sourcecode.swift; path = ProListWireframe.swift; sourceTree = "<group>"; };
		01C9C3B01ED37CE600E8C7A1 /* ProListWireframeProtocols.swift */ = {isa = PBXFileReference; fileEncoding = 4; lastKnownFileType = sourcecode.swift; path = ProListWireframeProtocols.swift; sourceTree = "<group>"; };
		01C9C3BB1ED37CF300E8C7A1 /* ProListInteractorTests.swift */ = {isa = PBXFileReference; fileEncoding = 4; lastKnownFileType = sourcecode.swift; path = ProListInteractorTests.swift; sourceTree = "<group>"; };
		01C9C3BC1ED37CF300E8C7A1 /* ProListInteractorToPresenterInterfaceMock.swift */ = {isa = PBXFileReference; fileEncoding = 4; lastKnownFileType = sourcecode.swift; path = ProListInteractorToPresenterInterfaceMock.swift; sourceTree = "<group>"; };
		01C9C3BD1ED37CF300E8C7A1 /* ProListNavigationInterfaceMock.swift */ = {isa = PBXFileReference; fileEncoding = 4; lastKnownFileType = sourcecode.swift; path = ProListNavigationInterfaceMock.swift; sourceTree = "<group>"; };
		01C9C3BE1ED37CF300E8C7A1 /* ProListPresenterTests.swift */ = {isa = PBXFileReference; fileEncoding = 4; lastKnownFileType = sourcecode.swift; path = ProListPresenterTests.swift; sourceTree = "<group>"; };
		01C9C3BF1ED37CF300E8C7A1 /* ProListPresenterToInteractorInterfaceMock.swift */ = {isa = PBXFileReference; fileEncoding = 4; lastKnownFileType = sourcecode.swift; path = ProListPresenterToInteractorInterfaceMock.swift; sourceTree = "<group>"; };
		01C9C3C01ED37CF300E8C7A1 /* ProListPresenterToViewInterfaceMock.swift */ = {isa = PBXFileReference; fileEncoding = 4; lastKnownFileType = sourcecode.swift; path = ProListPresenterToViewInterfaceMock.swift; sourceTree = "<group>"; };
		01C9C3C11ED37CF300E8C7A1 /* ProListViewTests.swift */ = {isa = PBXFileReference; fileEncoding = 4; lastKnownFileType = sourcecode.swift; path = ProListViewTests.swift; sourceTree = "<group>"; };
		01C9C3C21ED37CF300E8C7A1 /* ProListViewToPresenterInterfaceMock.swift */ = {isa = PBXFileReference; fileEncoding = 4; lastKnownFileType = sourcecode.swift; path = ProListViewToPresenterInterfaceMock.swift; sourceTree = "<group>"; };
		01C9C3C31ED37CF300E8C7A1 /* ProListWireframeInterfacesMock.swift */ = {isa = PBXFileReference; fileEncoding = 4; lastKnownFileType = sourcecode.swift; path = ProListWireframeInterfacesMock.swift; sourceTree = "<group>"; };
		01C9C3C41ED37CF300E8C7A1 /* ProListWireframeTests.swift */ = {isa = PBXFileReference; fileEncoding = 4; lastKnownFileType = sourcecode.swift; path = ProListWireframeTests.swift; sourceTree = "<group>"; };
		01C9C3C51ED37CF300E8C7A1 /* ProListWireframeToPresenterInterfaceMock.swift */ = {isa = PBXFileReference; fileEncoding = 4; lastKnownFileType = sourcecode.swift; path = ProListWireframeToPresenterInterfaceMock.swift; sourceTree = "<group>"; };
		01CCC5FD1ED3598100AD367C /* Pros.app */ = {isa = PBXFileReference; explicitFileType = wrapper.application; includeInIndex = 0; path = Pros.app; sourceTree = BUILT_PRODUCTS_DIR; };
		01CCC6001ED3598100AD367C /* AppDelegate.swift */ = {isa = PBXFileReference; lastKnownFileType = sourcecode.swift; path = AppDelegate.swift; sourceTree = "<group>"; };
		01CCC6071ED3598100AD367C /* Assets.xcassets */ = {isa = PBXFileReference; lastKnownFileType = folder.assetcatalog; path = Assets.xcassets; sourceTree = "<group>"; };
		01CCC60A1ED3598100AD367C /* Base */ = {isa = PBXFileReference; lastKnownFileType = file.storyboard; name = Base; path = Base.lproj/LaunchScreen.storyboard; sourceTree = "<group>"; };
		01CCC60C1ED3598100AD367C /* Info.plist */ = {isa = PBXFileReference; lastKnownFileType = text.plist.xml; path = Info.plist; sourceTree = "<group>"; };
		01CCC6111ED3598100AD367C /* ProsTests.xctest */ = {isa = PBXFileReference; explicitFileType = wrapper.cfbundle; includeInIndex = 0; path = ProsTests.xctest; sourceTree = BUILT_PRODUCTS_DIR; };
		01CCC6171ED3598100AD367C /* Info.plist */ = {isa = PBXFileReference; lastKnownFileType = text.plist.xml; path = Info.plist; sourceTree = "<group>"; };
		01CCC61C1ED3598100AD367C /* ProsUITests.xctest */ = {isa = PBXFileReference; explicitFileType = wrapper.cfbundle; includeInIndex = 0; path = ProsUITests.xctest; sourceTree = BUILT_PRODUCTS_DIR; };
		01CCC6201ED3598100AD367C /* ProsUITests.swift */ = {isa = PBXFileReference; lastKnownFileType = sourcecode.swift; path = ProsUITests.swift; sourceTree = "<group>"; };
		01CCC6221ED3598100AD367C /* Info.plist */ = {isa = PBXFileReference; lastKnownFileType = text.plist.xml; path = Info.plist; sourceTree = "<group>"; };
		01FEC3EE1ED4ACFB002A3CEC /* JSONFileManager.swift */ = {isa = PBXFileReference; fileEncoding = 4; lastKnownFileType = sourcecode.swift; path = JSONFileManager.swift; sourceTree = "<group>"; };
		01FEC3F01ED4ADB4002A3CEC /* pro_data.json */ = {isa = PBXFileReference; fileEncoding = 4; lastKnownFileType = text.json; path = pro_data.json; sourceTree = "<group>"; };
		01FEC3F31ED4BA14002A3CEC /* ProsService.swift */ = {isa = PBXFileReference; fileEncoding = 4; lastKnownFileType = sourcecode.swift; path = ProsService.swift; sourceTree = "<group>"; };
		0D1BB6878EA834CF10E2126F /* Pods_Pros.framework */ = {isa = PBXFileReference; explicitFileType = wrapper.framework; includeInIndex = 0; path = Pods_Pros.framework; sourceTree = BUILT_PRODUCTS_DIR; };
		1D92024B118ED27D01DC413B /* Pods_ProsUITests.framework */ = {isa = PBXFileReference; explicitFileType = wrapper.framework; includeInIndex = 0; path = Pods_ProsUITests.framework; sourceTree = BUILT_PRODUCTS_DIR; };
		21571DD0E301ACF8A7D6BDEA /* Pods-ProsUITests.release.xcconfig */ = {isa = PBXFileReference; includeInIndex = 1; lastKnownFileType = text.xcconfig; name = "Pods-ProsUITests.release.xcconfig"; path = "Pods/Target Support Files/Pods-ProsUITests/Pods-ProsUITests.release.xcconfig"; sourceTree = "<group>"; };
		8EF135E09234599695FBA691 /* Pods-Pros.debug.xcconfig */ = {isa = PBXFileReference; includeInIndex = 1; lastKnownFileType = text.xcconfig; name = "Pods-Pros.debug.xcconfig"; path = "Pods/Target Support Files/Pods-Pros/Pods-Pros.debug.xcconfig"; sourceTree = "<group>"; };
		8F323C13FBCC791C23196A1B /* Pods-Pros.release.xcconfig */ = {isa = PBXFileReference; includeInIndex = 1; lastKnownFileType = text.xcconfig; name = "Pods-Pros.release.xcconfig"; path = "Pods/Target Support Files/Pods-Pros/Pods-Pros.release.xcconfig"; sourceTree = "<group>"; };
		B4A5917D76E0A11926053DE7 /* Pods_ProsTests.framework */ = {isa = PBXFileReference; explicitFileType = wrapper.framework; includeInIndex = 0; path = Pods_ProsTests.framework; sourceTree = BUILT_PRODUCTS_DIR; };
		D17BAAADB9AF5623FBC444C4 /* Pods-ProsTests.debug.xcconfig */ = {isa = PBXFileReference; includeInIndex = 1; lastKnownFileType = text.xcconfig; name = "Pods-ProsTests.debug.xcconfig"; path = "Pods/Target Support Files/Pods-ProsTests/Pods-ProsTests.debug.xcconfig"; sourceTree = "<group>"; };
		D59C573FA9D993370C2F7299 /* Pods-ProsUITests.debug.xcconfig */ = {isa = PBXFileReference; includeInIndex = 1; lastKnownFileType = text.xcconfig; name = "Pods-ProsUITests.debug.xcconfig"; path = "Pods/Target Support Files/Pods-ProsUITests/Pods-ProsUITests.debug.xcconfig"; sourceTree = "<group>"; };
		EFE5E3B141C6A1E5F93E6958 /* Pods-ProsTests.release.xcconfig */ = {isa = PBXFileReference; includeInIndex = 1; lastKnownFileType = text.xcconfig; name = "Pods-ProsTests.release.xcconfig"; path = "Pods/Target Support Files/Pods-ProsTests/Pods-ProsTests.release.xcconfig"; sourceTree = "<group>"; };
/* End PBXFileReference section */

/* Begin PBXFrameworksBuildPhase section */
		01CCC5FA1ED3598100AD367C /* Frameworks */ = {
			isa = PBXFrameworksBuildPhase;
			buildActionMask = 2147483647;
			files = (
				634CA174E1C64368A9E19F04 /* Pods_Pros.framework in Frameworks */,
			);
			runOnlyForDeploymentPostprocessing = 0;
		};
		01CCC60E1ED3598100AD367C /* Frameworks */ = {
			isa = PBXFrameworksBuildPhase;
			buildActionMask = 2147483647;
			files = (
				74AF072C9F6282789D9D9442 /* Pods_ProsTests.framework in Frameworks */,
			);
			runOnlyForDeploymentPostprocessing = 0;
		};
		01CCC6191ED3598100AD367C /* Frameworks */ = {
			isa = PBXFrameworksBuildPhase;
			buildActionMask = 2147483647;
			files = (
				A90E58853BC4F27857BE2D15 /* Pods_ProsUITests.framework in Frameworks */,
			);
			runOnlyForDeploymentPostprocessing = 0;
		};
/* End PBXFrameworksBuildPhase section */

/* Begin PBXGroup section */
		01229BA31ED4F0FF00CE3272 /* Pro Details */ = {
			isa = PBXGroup;
			children = (
				01229BD21ED4F21300CE3272 /* Data Logic */,
				01229BD11ED4F20C00CE3272 /* Routing */,
				01229BD61ED4F24700CE3272 /* User Interface */,
			);
			name = "Pro Details";
			sourceTree = "<group>";
		};
		01229BA41ED4F11E00CE3272 /* Support Files */ = {
			isa = PBXGroup;
			children = (
				01CCC6001ED3598100AD367C /* AppDelegate.swift */,
				01CCC6071ED3598100AD367C /* Assets.xcassets */,
				01CCC60C1ED3598100AD367C /* Info.plist */,
				01CCC6091ED3598100AD367C /* LaunchScreen.storyboard */,
				0168F9C61ED3635B00AC45EB /* Localizable.plist */,
				01FEC3F01ED4ADB4002A3CEC /* pro_data.json */,
			);
			name = "Support Files";
			sourceTree = "<group>";
		};
		01229BA51ED4F14900CE3272 /* Extensions */ = {
			isa = PBXGroup;
			children = (
				01229B9A1ED4E6E600CE3272 /* XCUIElement+ScrollToElement.swift */,
			);
			name = Extensions;
			sourceTree = "<group>";
		};
		01229BA61ED4F15200CE3272 /* UI Tests */ = {
			isa = PBXGroup;
			children = (
				01229B9E1ED4E9FD00CE3272 /* ProDetailsUITests.swift */,
				01229B9C1ED4E8F700CE3272 /* ProListUITests.swift */,
			);
			name = "UI Tests";
			sourceTree = "<group>";
		};
		01229BD11ED4F20C00CE3272 /* Routing */ = {
			isa = PBXGroup;
			children = (
				01229BAA1ED4F1A100CE3272 /* ProDetailsPresenter.swift */,
				01229BBD1ED4F1AF00CE3272 /* ProDetailsPresenterTests.swift */,
				01229BAB1ED4F1A100CE3272 /* ProDetailsPresenterProtocols.swift */,
				01229BD41ED4F23600CE3272 /* Presenter Mocks */,
				01229BAE1ED4F1A100CE3272 /* ProDetailsWireframe.swift */,
				01229BC31ED4F1AF00CE3272 /* ProDetailsWireframeTests.swift */,
				01229BAF1ED4F1A100CE3272 /* ProDetailsWireframeProtocols.swift */,
				01229BD51ED4F23F00CE3272 /* Wireframe Mocks */,
			);
			name = Routing;
			sourceTree = "<group>";
		};
		01229BD21ED4F21300CE3272 /* Data Logic */ = {
			isa = PBXGroup;
			children = (
				01229BA81ED4F1A100CE3272 /* ProDetailsInteractor.swift */,
				01229BBA1ED4F1AF00CE3272 /* ProDetailsInteractorTests.swift */,
				01229BA91ED4F1A100CE3272 /* ProDetailsInteractorProtocols.swift */,
				01229BD31ED4F21B00CE3272 /* Interactor Mocks */,
			);
			name = "Data Logic";
			sourceTree = "<group>";
		};
		01229BD31ED4F21B00CE3272 /* Interactor Mocks */ = {
			isa = PBXGroup;
			children = (
				01229BBB1ED4F1AF00CE3272 /* ProDetailsInteractorToPresenterInterfaceMock.swift */,
			);
			name = "Interactor Mocks";
			sourceTree = "<group>";
		};
		01229BD41ED4F23600CE3272 /* Presenter Mocks */ = {
			isa = PBXGroup;
			children = (
				01229BBE1ED4F1AF00CE3272 /* ProDetailsPresenterToInteractorInterfaceMock.swift */,
				01229BBF1ED4F1AF00CE3272 /* ProDetailsPresenterToViewInterfaceMock.swift */,
				01229BC21ED4F1AF00CE3272 /* ProDetailsWireframeInterfacesMock.swift */,
			);
			name = "Presenter Mocks";
			sourceTree = "<group>";
		};
		01229BD51ED4F23F00CE3272 /* Wireframe Mocks */ = {
			isa = PBXGroup;
			children = (
				01229BBC1ED4F1AF00CE3272 /* ProDetailsNavigationInterfaceMock.swift */,
				01229BC41ED4F1AF00CE3272 /* ProDetailsWireframeToPresenterInterfaceMock.swift */,
			);
			name = "Wireframe Mocks";
			sourceTree = "<group>";
		};
		01229BD61ED4F24700CE3272 /* User Interface */ = {
			isa = PBXGroup;
			children = (
				01229BAC1ED4F1A100CE3272 /* ProDetailsView.swift */,
				01229BC01ED4F1AF00CE3272 /* ProDetailsViewTests.swift */,
				01229BAD1ED4F1A100CE3272 /* ProDetailsViewProtocols.swift */,
				01229BD71ED4F25100CE3272 /* View Mocks */,
				01229BA71ED4F1A100CE3272 /* ProDetails.storyboard */,
				01851FF61ED6129800B5EC2E /* ProDetailsViewObject.swift */,
				019ADFC31ED767D9005C4C92 /* ProDetailsViewObjectTests.swift */,
			);
			name = "User Interface";
			sourceTree = "<group>";
		};
		01229BD71ED4F25100CE3272 /* View Mocks */ = {
			isa = PBXGroup;
			children = (
				01229BC11ED4F1AF00CE3272 /* ProDetailsViewToPresenterInterfaceMock.swift */,
			);
			name = "View Mocks";
			sourceTree = "<group>";
		};
		0168F9CC1ED3668400AC45EB /* Extensions */ = {
			isa = PBXGroup;
			children = (
				0168F9CD1ED3669100AC45EB /* String+Localized.swift */,
			);
			name = Extensions;
			sourceTree = "<group>";
		};
		01AD4DBB1ED3739800BEE589 /* Entities */ = {
			isa = PBXGroup;
			children = (
				0168F9D21ED36E2A00AC45EB /* Pro.swift */,
				01AD4DB91ED3721300BEE589 /* ProTests.swift */,
			);
			name = Entities;
			sourceTree = "<group>";
		};
		01C9C3A71ED37CCB00E8C7A1 /* Pro List */ = {
			isa = PBXGroup;
			children = (
				01C9C3D61ED37D3F00E8C7A1 /* Data Logic */,
				01C9C3D41ED37D2E00E8C7A1 /* Routing */,
				01C9C3D71ED37D4C00E8C7A1 /* User Interface */,
			);
			name = "Pro List";
			sourceTree = "<group>";
		};
		01C9C3D21ED37D2000E8C7A1 /* Presenter Mocks */ = {
			isa = PBXGroup;
			children = (
				01C9C3BF1ED37CF300E8C7A1 /* ProListPresenterToInteractorInterfaceMock.swift */,
				01C9C3C01ED37CF300E8C7A1 /* ProListPresenterToViewInterfaceMock.swift */,
				01C9C3C31ED37CF300E8C7A1 /* ProListWireframeInterfacesMock.swift */,
			);
			name = "Presenter Mocks";
			sourceTree = "<group>";
		};
		01C9C3D31ED37D2700E8C7A1 /* Wireframe Mocks */ = {
			isa = PBXGroup;
			children = (
				01C9C3BD1ED37CF300E8C7A1 /* ProListNavigationInterfaceMock.swift */,
				01C9C3C51ED37CF300E8C7A1 /* ProListWireframeToPresenterInterfaceMock.swift */,
			);
			name = "Wireframe Mocks";
			sourceTree = "<group>";
		};
		01C9C3D41ED37D2E00E8C7A1 /* Routing */ = {
			isa = PBXGroup;
			children = (
				01C9C3AB1ED37CE600E8C7A1 /* ProListPresenter.swift */,
				01C9C3BE1ED37CF300E8C7A1 /* ProListPresenterTests.swift */,
				01C9C3AC1ED37CE600E8C7A1 /* ProListPresenterProtocols.swift */,
				01C9C3D21ED37D2000E8C7A1 /* Presenter Mocks */,
				01C9C3AF1ED37CE600E8C7A1 /* ProListWireframe.swift */,
				01C9C3C41ED37CF300E8C7A1 /* ProListWireframeTests.swift */,
				01C9C3B01ED37CE600E8C7A1 /* ProListWireframeProtocols.swift */,
				01C9C3D31ED37D2700E8C7A1 /* Wireframe Mocks */,
			);
			name = Routing;
			sourceTree = "<group>";
		};
		01C9C3D51ED37D3300E8C7A1 /* Interaector Mocks */ = {
			isa = PBXGroup;
			children = (
				01C9C3BC1ED37CF300E8C7A1 /* ProListInteractorToPresenterInterfaceMock.swift */,
			);
			name = "Interaector Mocks";
			sourceTree = "<group>";
		};
		01C9C3D61ED37D3F00E8C7A1 /* Data Logic */ = {
			isa = PBXGroup;
			children = (
				01C9C3A91ED37CE600E8C7A1 /* ProListInteractor.swift */,
				01C9C3BB1ED37CF300E8C7A1 /* ProListInteractorTests.swift */,
				01C9C3AA1ED37CE600E8C7A1 /* ProListInteractorProtocols.swift */,
				01C9C3D51ED37D3300E8C7A1 /* Interaector Mocks */,
			);
			name = "Data Logic";
			sourceTree = "<group>";
		};
		01C9C3D71ED37D4C00E8C7A1 /* User Interface */ = {
			isa = PBXGroup;
			children = (
				01C9C3AD1ED37CE600E8C7A1 /* ProListView.swift */,
				01C9C3C11ED37CF300E8C7A1 /* ProListViewTests.swift */,
				01C9C3AE1ED37CE600E8C7A1 /* ProListViewProtocols.swift */,
				01C9C3D81ED37D5400E8C7A1 /* View Mocks */,
				01C9C3A81ED37CE600E8C7A1 /* ProList.storyboard */,
				01BDE8611ED4C90F002E1F52 /* ProListViewObject.swift */,
				019ADFC11ED7671A005C4C92 /* ProListViewObjectTests.swift */,
				01229B981ED4D12000CE3272 /* ProCell.swift */,
			);
			name = "User Interface";
			sourceTree = "<group>";
		};
		01C9C3D81ED37D5400E8C7A1 /* View Mocks */ = {
			isa = PBXGroup;
			children = (
				01C9C3C21ED37CF300E8C7A1 /* ProListViewToPresenterInterfaceMock.swift */,
			);
			name = "View Mocks";
			sourceTree = "<group>";
		};
		01CCC5F41ED3598100AD367C = {
			isa = PBXGroup;
			children = (
				01CCC5FF1ED3598100AD367C /* Pros */,
				01CCC6141ED3598100AD367C /* ProsTests */,
				01CCC61F1ED3598100AD367C /* ProsUITests */,
				01CCC5FE1ED3598100AD367C /* Products */,
				7783DD32DDAA86737BB8C48D /* Pods */,
				10D77827E42BFAD5EE582C19 /* Frameworks */,
			);
			sourceTree = "<group>";
		};
		01CCC5FE1ED3598100AD367C /* Products */ = {
			isa = PBXGroup;
			children = (
				01CCC5FD1ED3598100AD367C /* Pros.app */,
				01CCC6111ED3598100AD367C /* ProsTests.xctest */,
				01CCC61C1ED3598100AD367C /* ProsUITests.xctest */,
			);
			name = Products;
			sourceTree = "<group>";
		};
		01CCC5FF1ED3598100AD367C /* Pros */ = {
			isa = PBXGroup;
			children = (
				01AD4DBB1ED3739800BEE589 /* Entities */,
				0168F9CC1ED3668400AC45EB /* Extensions */,
				01229BA31ED4F0FF00CE3272 /* Pro Details */,
				01C9C3A71ED37CCB00E8C7A1 /* Pro List */,
				01FEC3F21ED4BA01002A3CEC /* Services */,
				01FEC3ED1ED4ACCA002A3CEC /* Utilities */,
				01229BA41ED4F11E00CE3272 /* Support Files */,
			);
			path = Pros;
			sourceTree = "<group>";
		};
		01CCC6141ED3598100AD367C /* ProsTests */ = {
			isa = PBXGroup;
			children = (
				01CCC6171ED3598100AD367C /* Info.plist */,
			);
			path = ProsTests;
			sourceTree = "<group>";
		};
		01CCC61F1ED3598100AD367C /* ProsUITests */ = {
			isa = PBXGroup;
			children = (
				01CCC6201ED3598100AD367C /* ProsUITests.swift */,
				01229BA51ED4F14900CE3272 /* Extensions */,
				01229BA61ED4F15200CE3272 /* UI Tests */,
				01CCC6221ED3598100AD367C /* Info.plist */,
			);
			path = ProsUITests;
			sourceTree = "<group>";
		};
		01FEC3ED1ED4ACCA002A3CEC /* Utilities */ = {
			isa = PBXGroup;
			children = (
				01FEC3EE1ED4ACFB002A3CEC /* JSONFileManager.swift */,
			);
			name = Utilities;
			sourceTree = "<group>";
		};
		01FEC3F21ED4BA01002A3CEC /* Services */ = {
			isa = PBXGroup;
			children = (
				01FEC3F31ED4BA14002A3CEC /* ProsService.swift */,
				013BC61B1ED4C0A90018F313 /* ProsServiceMock.swift */,
			);
			name = Services;
			sourceTree = "<group>";
		};
		10D77827E42BFAD5EE582C19 /* Frameworks */ = {
			isa = PBXGroup;
			children = (
				0D1BB6878EA834CF10E2126F /* Pods_Pros.framework */,
				B4A5917D76E0A11926053DE7 /* Pods_ProsTests.framework */,
				1D92024B118ED27D01DC413B /* Pods_ProsUITests.framework */,
			);
			name = Frameworks;
			sourceTree = "<group>";
		};
		7783DD32DDAA86737BB8C48D /* Pods */ = {
			isa = PBXGroup;
			children = (
				8EF135E09234599695FBA691 /* Pods-Pros.debug.xcconfig */,
				8F323C13FBCC791C23196A1B /* Pods-Pros.release.xcconfig */,
				D17BAAADB9AF5623FBC444C4 /* Pods-ProsTests.debug.xcconfig */,
				EFE5E3B141C6A1E5F93E6958 /* Pods-ProsTests.release.xcconfig */,
				D59C573FA9D993370C2F7299 /* Pods-ProsUITests.debug.xcconfig */,
				21571DD0E301ACF8A7D6BDEA /* Pods-ProsUITests.release.xcconfig */,
			);
			name = Pods;
			sourceTree = "<group>";
		};
/* End PBXGroup section */

/* Begin PBXNativeTarget section */
		01CCC5FC1ED3598100AD367C /* Pros */ = {
			isa = PBXNativeTarget;
			buildConfigurationList = 01CCC6251ED3598100AD367C /* Build configuration list for PBXNativeTarget "Pros" */;
			buildPhases = (
				567D301EA553F221F5275287 /* [CP] Check Pods Manifest.lock */,
				01CCC5F91ED3598100AD367C /* Sources */,
				01CCC5FA1ED3598100AD367C /* Frameworks */,
				01CCC5FB1ED3598100AD367C /* Resources */,
				8F729B866DA7D1E186DC23C2 /* [CP] Embed Pods Frameworks */,
				DA1926139CB144F84F1AF75F /* [CP] Copy Pods Resources */,
				0168F9BD1ED35D9A00AC45EB /* ShellScript */,
			);
			buildRules = (
			);
			dependencies = (
			);
			name = Pros;
			productName = Pros;
			productReference = 01CCC5FD1ED3598100AD367C /* Pros.app */;
			productType = "com.apple.product-type.application";
		};
		01CCC6101ED3598100AD367C /* ProsTests */ = {
			isa = PBXNativeTarget;
			buildConfigurationList = 01CCC6281ED3598100AD367C /* Build configuration list for PBXNativeTarget "ProsTests" */;
			buildPhases = (
				551ED87424AF18890A5EF0B5 /* [CP] Check Pods Manifest.lock */,
				01CCC60D1ED3598100AD367C /* Sources */,
				01CCC60E1ED3598100AD367C /* Frameworks */,
				01CCC60F1ED3598100AD367C /* Resources */,
				41233BD0AB5AD33E6CBC733D /* [CP] Embed Pods Frameworks */,
				A12766874A09B416BB61BB5B /* [CP] Copy Pods Resources */,
			);
			buildRules = (
			);
			dependencies = (
				01CCC6131ED3598100AD367C /* PBXTargetDependency */,
			);
			name = ProsTests;
			productName = ProsTests;
			productReference = 01CCC6111ED3598100AD367C /* ProsTests.xctest */;
			productType = "com.apple.product-type.bundle.unit-test";
		};
		01CCC61B1ED3598100AD367C /* ProsUITests */ = {
			isa = PBXNativeTarget;
			buildConfigurationList = 01CCC62B1ED3598100AD367C /* Build configuration list for PBXNativeTarget "ProsUITests" */;
			buildPhases = (
				047E46B50021D3D7509D3695 /* [CP] Check Pods Manifest.lock */,
				01CCC6181ED3598100AD367C /* Sources */,
				01CCC6191ED3598100AD367C /* Frameworks */,
				01CCC61A1ED3598100AD367C /* Resources */,
				74E5BA6BA9A3D1E8BEF2E003 /* [CP] Embed Pods Frameworks */,
				248525DF0DD2F2141E654C40 /* [CP] Copy Pods Resources */,
			);
			buildRules = (
			);
			dependencies = (
				01CCC61E1ED3598100AD367C /* PBXTargetDependency */,
			);
			name = ProsUITests;
			productName = ProsUITests;
			productReference = 01CCC61C1ED3598100AD367C /* ProsUITests.xctest */;
			productType = "com.apple.product-type.bundle.ui-testing";
		};
/* End PBXNativeTarget section */

/* Begin PBXProject section */
		01CCC5F51ED3598100AD367C /* Project object */ = {
			isa = PBXProject;
			attributes = {
				LastSwiftUpdateCheck = 0830;
				LastUpgradeCheck = 0830;
				ORGANIZATIONNAME = "Ryan 'Cold' Bush";
				TargetAttributes = {
					01CCC5FC1ED3598100AD367C = {
						CreatedOnToolsVersion = 8.3.2;
						ProvisioningStyle = Automatic;
					};
					01CCC6101ED3598100AD367C = {
						CreatedOnToolsVersion = 8.3.2;
						ProvisioningStyle = Automatic;
						TestTargetID = 01CCC5FC1ED3598100AD367C;
					};
					01CCC61B1ED3598100AD367C = {
						CreatedOnToolsVersion = 8.3.2;
						ProvisioningStyle = Automatic;
						TestTargetID = 01CCC5FC1ED3598100AD367C;
					};
				};
			};
			buildConfigurationList = 01CCC5F81ED3598100AD367C /* Build configuration list for PBXProject "Pros" */;
			compatibilityVersion = "Xcode 3.2";
			developmentRegion = English;
			hasScannedForEncodings = 0;
			knownRegions = (
				en,
				Base,
			);
			mainGroup = 01CCC5F41ED3598100AD367C;
			productRefGroup = 01CCC5FE1ED3598100AD367C /* Products */;
			projectDirPath = "";
			projectRoot = "";
			targets = (
				01CCC5FC1ED3598100AD367C /* Pros */,
				01CCC6101ED3598100AD367C /* ProsTests */,
				01CCC61B1ED3598100AD367C /* ProsUITests */,
			);
		};
/* End PBXProject section */

/* Begin PBXResourcesBuildPhase section */
		01CCC5FB1ED3598100AD367C /* Resources */ = {
			isa = PBXResourcesBuildPhase;
			buildActionMask = 2147483647;
			files = (
				01FEC3F11ED4ADB4002A3CEC /* pro_data.json in Resources */,
				01CCC60B1ED3598100AD367C /* LaunchScreen.storyboard in Resources */,
				0168F9C21ED3635B00AC45EB /* Localizable.plist in Resources */,
				01CCC6081ED3598100AD367C /* Assets.xcassets in Resources */,
				01C9C3B11ED37CE600E8C7A1 /* ProList.storyboard in Resources */,
				01229BB01ED4F1A100CE3272 /* ProDetails.storyboard in Resources */,
			);
			runOnlyForDeploymentPostprocessing = 0;
		};
		01CCC60F1ED3598100AD367C /* Resources */ = {
			isa = PBXResourcesBuildPhase;
			buildActionMask = 2147483647;
			files = (
			);
			runOnlyForDeploymentPostprocessing = 0;
		};
		01CCC61A1ED3598100AD367C /* Resources */ = {
			isa = PBXResourcesBuildPhase;
			buildActionMask = 2147483647;
			files = (
			);
			runOnlyForDeploymentPostprocessing = 0;
		};
/* End PBXResourcesBuildPhase section */

/* Begin PBXShellScriptBuildPhase section */
		0168F9BD1ED35D9A00AC45EB /* ShellScript */ = {
			isa = PBXShellScriptBuildPhase;
			buildActionMask = 2147483647;
			files = (
			);
			inputPaths = (
			);
			outputPaths = (
			);
			runOnlyForDeploymentPostprocessing = 0;
			shellPath = /bin/sh;
			shellScript = "if which swiftlint >/dev/null; then\nswiftlint\nelse\necho \"warning: SwiftLint not installed, download from https://github.com/realm/SwiftLint\"\nfi";
		};
		047E46B50021D3D7509D3695 /* [CP] Check Pods Manifest.lock */ = {
			isa = PBXShellScriptBuildPhase;
			buildActionMask = 2147483647;
			files = (
			);
			inputPaths = (
				"${PODS_PODFILE_DIR_PATH}/Podfile.lock",
				"${PODS_ROOT}/Manifest.lock",
			);
			name = "[CP] Check Pods Manifest.lock";
			outputPaths = (
				"$(DERIVED_FILE_DIR)/Pods-ProsUITests-checkManifestLockResult.txt",
			);
			runOnlyForDeploymentPostprocessing = 0;
			shellPath = /bin/sh;
			shellScript = "diff \"${PODS_PODFILE_DIR_PATH}/Podfile.lock\" \"${PODS_ROOT}/Manifest.lock\" > /dev/null\nif [ $? != 0 ] ; then\n    # print error to STDERR\n    echo \"error: The sandbox is not in sync with the Podfile.lock. Run 'pod install' or update your CocoaPods installation.\" >&2\n    exit 1\nfi\n# This output is used by Xcode 'outputs' to avoid re-running this script phase.\necho \"SUCCESS\" > \"${SCRIPT_OUTPUT_FILE_0}\"\n";
			showEnvVarsInLog = 0;
		};
		248525DF0DD2F2141E654C40 /* [CP] Copy Pods Resources */ = {
			isa = PBXShellScriptBuildPhase;
			buildActionMask = 2147483647;
			files = (
			);
			inputPaths = (
			);
			name = "[CP] Copy Pods Resources";
			outputPaths = (
			);
			runOnlyForDeploymentPostprocessing = 0;
			shellPath = /bin/sh;
			shellScript = "\"${SRCROOT}/Pods/Target Support Files/Pods-ProsUITests/Pods-ProsUITests-resources.sh\"\n";
			showEnvVarsInLog = 0;
		};
		41233BD0AB5AD33E6CBC733D /* [CP] Embed Pods Frameworks */ = {
			isa = PBXShellScriptBuildPhase;
			buildActionMask = 2147483647;
			files = (
			);
			inputPaths = (
				"${SRCROOT}/Pods/Target Support Files/Pods-ProsTests/Pods-ProsTests-frameworks.sh",
				"${BUILT_PRODUCTS_DIR}/Nimble/Nimble.framework",
				"${BUILT_PRODUCTS_DIR}/Quick/Quick.framework",
			);
			name = "[CP] Embed Pods Frameworks";
			outputPaths = (
				"${TARGET_BUILD_DIR}/${FRAMEWORKS_FOLDER_PATH}/Nimble.framework",
				"${TARGET_BUILD_DIR}/${FRAMEWORKS_FOLDER_PATH}/Quick.framework",
			);
			runOnlyForDeploymentPostprocessing = 0;
			shellPath = /bin/sh;
			shellScript = "\"${SRCROOT}/Pods/Target Support Files/Pods-ProsTests/Pods-ProsTests-frameworks.sh\"\n";
			showEnvVarsInLog = 0;
		};
		551ED87424AF18890A5EF0B5 /* [CP] Check Pods Manifest.lock */ = {
			isa = PBXShellScriptBuildPhase;
			buildActionMask = 2147483647;
			files = (
			);
			inputPaths = (
				"${PODS_PODFILE_DIR_PATH}/Podfile.lock",
				"${PODS_ROOT}/Manifest.lock",
			);
			name = "[CP] Check Pods Manifest.lock";
			outputPaths = (
				"$(DERIVED_FILE_DIR)/Pods-ProsTests-checkManifestLockResult.txt",
			);
			runOnlyForDeploymentPostprocessing = 0;
			shellPath = /bin/sh;
			shellScript = "diff \"${PODS_PODFILE_DIR_PATH}/Podfile.lock\" \"${PODS_ROOT}/Manifest.lock\" > /dev/null\nif [ $? != 0 ] ; then\n    # print error to STDERR\n    echo \"error: The sandbox is not in sync with the Podfile.lock. Run 'pod install' or update your CocoaPods installation.\" >&2\n    exit 1\nfi\n# This output is used by Xcode 'outputs' to avoid re-running this script phase.\necho \"SUCCESS\" > \"${SCRIPT_OUTPUT_FILE_0}\"\n";
			showEnvVarsInLog = 0;
		};
		567D301EA553F221F5275287 /* [CP] Check Pods Manifest.lock */ = {
			isa = PBXShellScriptBuildPhase;
			buildActionMask = 2147483647;
			files = (
			);
			inputPaths = (
				"${PODS_PODFILE_DIR_PATH}/Podfile.lock",
				"${PODS_ROOT}/Manifest.lock",
			);
			name = "[CP] Check Pods Manifest.lock";
			outputPaths = (
				"$(DERIVED_FILE_DIR)/Pods-Pros-checkManifestLockResult.txt",
			);
			runOnlyForDeploymentPostprocessing = 0;
			shellPath = /bin/sh;
			shellScript = "diff \"${PODS_PODFILE_DIR_PATH}/Podfile.lock\" \"${PODS_ROOT}/Manifest.lock\" > /dev/null\nif [ $? != 0 ] ; then\n    # print error to STDERR\n    echo \"error: The sandbox is not in sync with the Podfile.lock. Run 'pod install' or update your CocoaPods installation.\" >&2\n    exit 1\nfi\n# This output is used by Xcode 'outputs' to avoid re-running this script phase.\necho \"SUCCESS\" > \"${SCRIPT_OUTPUT_FILE_0}\"\n";
			showEnvVarsInLog = 0;
		};
		74E5BA6BA9A3D1E8BEF2E003 /* [CP] Embed Pods Frameworks */ = {
			isa = PBXShellScriptBuildPhase;
			buildActionMask = 2147483647;
			files = (
			);
			inputPaths = (
				"${SRCROOT}/Pods/Target Support Files/Pods-ProsUITests/Pods-ProsUITests-frameworks.sh",
				"${BUILT_PRODUCTS_DIR}/Nimble/Nimble.framework",
				"${BUILT_PRODUCTS_DIR}/Quick/Quick.framework",
			);
			name = "[CP] Embed Pods Frameworks";
			outputPaths = (
				"${TARGET_BUILD_DIR}/${FRAMEWORKS_FOLDER_PATH}/Nimble.framework",
				"${TARGET_BUILD_DIR}/${FRAMEWORKS_FOLDER_PATH}/Quick.framework",
			);
			runOnlyForDeploymentPostprocessing = 0;
			shellPath = /bin/sh;
			shellScript = "\"${SRCROOT}/Pods/Target Support Files/Pods-ProsUITests/Pods-ProsUITests-frameworks.sh\"\n";
			showEnvVarsInLog = 0;
		};
		8F729B866DA7D1E186DC23C2 /* [CP] Embed Pods Frameworks */ = {
			isa = PBXShellScriptBuildPhase;
			buildActionMask = 2147483647;
			files = (
			);
			inputPaths = (
				"${SRCROOT}/Pods/Target Support Files/Pods-Pros/Pods-Pros-frameworks.sh",
				"${BUILT_PRODUCTS_DIR}/SwiftyJSON/SwiftyJSON.framework",
			);
			name = "[CP] Embed Pods Frameworks";
			outputPaths = (
				"${TARGET_BUILD_DIR}/${FRAMEWORKS_FOLDER_PATH}/SwiftyJSON.framework",
			);
			runOnlyForDeploymentPostprocessing = 0;
			shellPath = /bin/sh;
			shellScript = "\"${SRCROOT}/Pods/Target Support Files/Pods-Pros/Pods-Pros-frameworks.sh\"\n";
			showEnvVarsInLog = 0;
		};
		A12766874A09B416BB61BB5B /* [CP] Copy Pods Resources */ = {
			isa = PBXShellScriptBuildPhase;
			buildActionMask = 2147483647;
			files = (
			);
			inputPaths = (
			);
			name = "[CP] Copy Pods Resources";
			outputPaths = (
			);
			runOnlyForDeploymentPostprocessing = 0;
			shellPath = /bin/sh;
			shellScript = "\"${SRCROOT}/Pods/Target Support Files/Pods-ProsTests/Pods-ProsTests-resources.sh\"\n";
			showEnvVarsInLog = 0;
		};
		DA1926139CB144F84F1AF75F /* [CP] Copy Pods Resources */ = {
			isa = PBXShellScriptBuildPhase;
			buildActionMask = 2147483647;
			files = (
			);
			inputPaths = (
			);
			name = "[CP] Copy Pods Resources";
			outputPaths = (
			);
			runOnlyForDeploymentPostprocessing = 0;
			shellPath = /bin/sh;
			shellScript = "\"${SRCROOT}/Pods/Target Support Files/Pods-Pros/Pods-Pros-resources.sh\"\n";
			showEnvVarsInLog = 0;
		};
/* End PBXShellScriptBuildPhase section */

/* Begin PBXSourcesBuildPhase section */
		01CCC5F91ED3598100AD367C /* Sources */ = {
			isa = PBXSourcesBuildPhase;
			buildActionMask = 2147483647;
			files = (
				01C9C3B61ED37CE600E8C7A1 /* ProListView.swift in Sources */,
				01C9C3B21ED37CE600E8C7A1 /* ProListInteractor.swift in Sources */,
				01C9C3B41ED37CE600E8C7A1 /* ProListPresenter.swift in Sources */,
				01C9C3B71ED37CE600E8C7A1 /* ProListViewProtocols.swift in Sources */,
				0168F9D31ED36E2A00AC45EB /* Pro.swift in Sources */,
				01229BB21ED4F1A100CE3272 /* ProDetailsInteractorProtocols.swift in Sources */,
				01FEC3EF1ED4ACFB002A3CEC /* JSONFileManager.swift in Sources */,
				01229BB31ED4F1A100CE3272 /* ProDetailsPresenter.swift in Sources */,
				01C9C3B91ED37CE600E8C7A1 /* ProListWireframeProtocols.swift in Sources */,
				01229BB11ED4F1A100CE3272 /* ProDetailsInteractor.swift in Sources */,
				01C9C3B81ED37CE600E8C7A1 /* ProListWireframe.swift in Sources */,
				01C9C3B51ED37CE600E8C7A1 /* ProListPresenterProtocols.swift in Sources */,
				01229B991ED4D12000CE3272 /* ProCell.swift in Sources */,
				01229BB51ED4F1A100CE3272 /* ProDetailsView.swift in Sources */,
				01851FF71ED6129800B5EC2E /* ProDetailsViewObject.swift in Sources */,
				01BDE8621ED4C90F002E1F52 /* ProListViewObject.swift in Sources */,
				01FEC3F41ED4BA14002A3CEC /* ProsService.swift in Sources */,
				01CCC6011ED3598100AD367C /* AppDelegate.swift in Sources */,
				01229BB81ED4F1A100CE3272 /* ProDetailsWireframeProtocols.swift in Sources */,
				01229BB41ED4F1A100CE3272 /* ProDetailsPresenterProtocols.swift in Sources */,
				01229BB61ED4F1A100CE3272 /* ProDetailsViewProtocols.swift in Sources */,
				01C9C3B31ED37CE600E8C7A1 /* ProListInteractorProtocols.swift in Sources */,
				0168F9CE1ED3669100AC45EB /* String+Localized.swift in Sources */,
				01229BB71ED4F1A100CE3272 /* ProDetailsWireframe.swift in Sources */,
			);
			runOnlyForDeploymentPostprocessing = 0;
		};
		01CCC60D1ED3598100AD367C /* Sources */ = {
			isa = PBXSourcesBuildPhase;
			buildActionMask = 2147483647;
			files = (
				01C9C3D11ED37CF300E8C7A1 /* ProListWireframeToPresenterInterfaceMock.swift in Sources */,
				01229BC61ED4F1AF00CE3272 /* ProDetailsInteractorTests.swift in Sources */,
				01229BC81ED4F1AF00CE3272 /* ProDetailsNavigationInterfaceMock.swift in Sources */,
				01C9C3CB1ED37CF300E8C7A1 /* ProListPresenterToInteractorInterfaceMock.swift in Sources */,
				01229BD01ED4F1AF00CE3272 /* ProDetailsWireframeToPresenterInterfaceMock.swift in Sources */,
				01229BCC1ED4F1AF00CE3272 /* ProDetailsViewTests.swift in Sources */,
				01C9C3C81ED37CF300E8C7A1 /* ProListInteractorToPresenterInterfaceMock.swift in Sources */,
				01C9C3CE1ED37CF300E8C7A1 /* ProListViewToPresenterInterfaceMock.swift in Sources */,
				01C9C3CD1ED37CF300E8C7A1 /* ProListViewTests.swift in Sources */,
				01C9C3CF1ED37CF300E8C7A1 /* ProListWireframeInterfacesMock.swift in Sources */,
				01C9C3CC1ED37CF300E8C7A1 /* ProListPresenterToViewInterfaceMock.swift in Sources */,
				01229BCA1ED4F1AF00CE3272 /* ProDetailsPresenterToInteractorInterfaceMock.swift in Sources */,
				01229BC91ED4F1AF00CE3272 /* ProDetailsPresenterTests.swift in Sources */,
				01229BCB1ED4F1AF00CE3272 /* ProDetailsPresenterToViewInterfaceMock.swift in Sources */,
				01C9C3C91ED37CF300E8C7A1 /* ProListNavigationInterfaceMock.swift in Sources */,
				01229BC71ED4F1AF00CE3272 /* ProDetailsInteractorToPresenterInterfaceMock.swift in Sources */,
				019ADFC41ED767D9005C4C92 /* ProDetailsViewObjectTests.swift in Sources */,
				01C9C3D01ED37CF300E8C7A1 /* ProListWireframeTests.swift in Sources */,
				01AD4DBA1ED3721300BEE589 /* ProTests.swift in Sources */,
				01229BCE1ED4F1AF00CE3272 /* ProDetailsWireframeInterfacesMock.swift in Sources */,
				01229BCF1ED4F1AF00CE3272 /* ProDetailsWireframeTests.swift in Sources */,
				019ADFC21ED7671A005C4C92 /* ProListViewObjectTests.swift in Sources */,
				01C9C3CA1ED37CF300E8C7A1 /* ProListPresenterTests.swift in Sources */,
				01C9C3C71ED37CF300E8C7A1 /* ProListInteractorTests.swift in Sources */,
				013BC61D1ED4C0C60018F313 /* ProsServiceMock.swift in Sources */,
				01229BCD1ED4F1AF00CE3272 /* ProDetailsViewToPresenterInterfaceMock.swift in Sources */,
			);
			runOnlyForDeploymentPostprocessing = 0;
		};
		01CCC6181ED3598100AD367C /* Sources */ = {
			isa = PBXSourcesBuildPhase;
			buildActionMask = 2147483647;
			files = (
				01229B9B1ED4E6E600CE3272 /* XCUIElement+ScrollToElement.swift in Sources */,
				01229B9D1ED4E8F700CE3272 /* ProListUITests.swift in Sources */,
				01229B9F1ED4E9FD00CE3272 /* ProDetailsUITests.swift in Sources */,
				01CCC6211ED3598100AD367C /* ProsUITests.swift in Sources */,
			);
			runOnlyForDeploymentPostprocessing = 0;
		};
/* End PBXSourcesBuildPhase section */

/* Begin PBXTargetDependency section */
		01CCC6131ED3598100AD367C /* PBXTargetDependency */ = {
			isa = PBXTargetDependency;
			target = 01CCC5FC1ED3598100AD367C /* Pros */;
			targetProxy = 01CCC6121ED3598100AD367C /* PBXContainerItemProxy */;
		};
		01CCC61E1ED3598100AD367C /* PBXTargetDependency */ = {
			isa = PBXTargetDependency;
			target = 01CCC5FC1ED3598100AD367C /* Pros */;
			targetProxy = 01CCC61D1ED3598100AD367C /* PBXContainerItemProxy */;
		};
/* End PBXTargetDependency section */

/* Begin PBXVariantGroup section */
		0168F9C61ED3635B00AC45EB /* Localizable.plist */ = {
			isa = PBXVariantGroup;
			children = (
				0168F9C51ED3635B00AC45EB /* Base */,
			);
			name = Localizable.plist;
			sourceTree = "<group>";
		};
		01CCC6091ED3598100AD367C /* LaunchScreen.storyboard */ = {
			isa = PBXVariantGroup;
			children = (
				01CCC60A1ED3598100AD367C /* Base */,
			);
			name = LaunchScreen.storyboard;
			sourceTree = "<group>";
		};
/* End PBXVariantGroup section */

/* Begin XCBuildConfiguration section */
		01CCC6231ED3598100AD367C /* Debug */ = {
			isa = XCBuildConfiguration;
			buildSettings = {
				ALWAYS_SEARCH_USER_PATHS = NO;
				CLANG_ANALYZER_NONNULL = YES;
				CLANG_ANALYZER_NUMBER_OBJECT_CONVERSION = YES_AGGRESSIVE;
				CLANG_CXX_LANGUAGE_STANDARD = "gnu++0x";
				CLANG_CXX_LIBRARY = "libc++";
				CLANG_ENABLE_MODULES = YES;
				CLANG_ENABLE_OBJC_ARC = YES;
				CLANG_WARN_BOOL_CONVERSION = YES;
				CLANG_WARN_CONSTANT_CONVERSION = YES;
				CLANG_WARN_DIRECT_OBJC_ISA_USAGE = YES_ERROR;
				CLANG_WARN_DOCUMENTATION_COMMENTS = YES;
				CLANG_WARN_EMPTY_BODY = YES;
				CLANG_WARN_ENUM_CONVERSION = YES;
				CLANG_WARN_INFINITE_RECURSION = YES;
				CLANG_WARN_INT_CONVERSION = YES;
				CLANG_WARN_OBJC_ROOT_CLASS = YES_ERROR;
				CLANG_WARN_SUSPICIOUS_MOVE = YES;
				CLANG_WARN_UNREACHABLE_CODE = YES;
				CLANG_WARN__DUPLICATE_METHOD_MATCH = YES;
				"CODE_SIGN_IDENTITY[sdk=iphoneos*]" = "iPhone Developer";
				COPY_PHASE_STRIP = NO;
				DEBUG_INFORMATION_FORMAT = dwarf;
				ENABLE_STRICT_OBJC_MSGSEND = YES;
				ENABLE_TESTABILITY = YES;
				GCC_C_LANGUAGE_STANDARD = gnu99;
				GCC_DYNAMIC_NO_PIC = NO;
				GCC_NO_COMMON_BLOCKS = YES;
				GCC_OPTIMIZATION_LEVEL = 0;
				GCC_PREPROCESSOR_DEFINITIONS = (
					"DEBUG=1",
					"$(inherited)",
				);
				GCC_WARN_64_TO_32_BIT_CONVERSION = YES;
				GCC_WARN_ABOUT_RETURN_TYPE = YES_ERROR;
				GCC_WARN_UNDECLARED_SELECTOR = YES;
				GCC_WARN_UNINITIALIZED_AUTOS = YES_AGGRESSIVE;
				GCC_WARN_UNUSED_FUNCTION = YES;
				GCC_WARN_UNUSED_VARIABLE = YES;
				IPHONEOS_DEPLOYMENT_TARGET = 10.3;
				MTL_ENABLE_DEBUG_INFO = YES;
				ONLY_ACTIVE_ARCH = YES;
				SDKROOT = iphoneos;
				SWIFT_ACTIVE_COMPILATION_CONDITIONS = DEBUG;
				SWIFT_OPTIMIZATION_LEVEL = "-Onone";
				TARGETED_DEVICE_FAMILY = "1,2";
			};
			name = Debug;
		};
		01CCC6241ED3598100AD367C /* Release */ = {
			isa = XCBuildConfiguration;
			buildSettings = {
				ALWAYS_SEARCH_USER_PATHS = NO;
				CLANG_ANALYZER_NONNULL = YES;
				CLANG_ANALYZER_NUMBER_OBJECT_CONVERSION = YES_AGGRESSIVE;
				CLANG_CXX_LANGUAGE_STANDARD = "gnu++0x";
				CLANG_CXX_LIBRARY = "libc++";
				CLANG_ENABLE_MODULES = YES;
				CLANG_ENABLE_OBJC_ARC = YES;
				CLANG_WARN_BOOL_CONVERSION = YES;
				CLANG_WARN_CONSTANT_CONVERSION = YES;
				CLANG_WARN_DIRECT_OBJC_ISA_USAGE = YES_ERROR;
				CLANG_WARN_DOCUMENTATION_COMMENTS = YES;
				CLANG_WARN_EMPTY_BODY = YES;
				CLANG_WARN_ENUM_CONVERSION = YES;
				CLANG_WARN_INFINITE_RECURSION = YES;
				CLANG_WARN_INT_CONVERSION = YES;
				CLANG_WARN_OBJC_ROOT_CLASS = YES_ERROR;
				CLANG_WARN_SUSPICIOUS_MOVE = YES;
				CLANG_WARN_UNREACHABLE_CODE = YES;
				CLANG_WARN__DUPLICATE_METHOD_MATCH = YES;
				"CODE_SIGN_IDENTITY[sdk=iphoneos*]" = "iPhone Developer";
				COPY_PHASE_STRIP = NO;
				DEBUG_INFORMATION_FORMAT = "dwarf-with-dsym";
				ENABLE_NS_ASSERTIONS = NO;
				ENABLE_STRICT_OBJC_MSGSEND = YES;
				GCC_C_LANGUAGE_STANDARD = gnu99;
				GCC_NO_COMMON_BLOCKS = YES;
				GCC_WARN_64_TO_32_BIT_CONVERSION = YES;
				GCC_WARN_ABOUT_RETURN_TYPE = YES_ERROR;
				GCC_WARN_UNDECLARED_SELECTOR = YES;
				GCC_WARN_UNINITIALIZED_AUTOS = YES_AGGRESSIVE;
				GCC_WARN_UNUSED_FUNCTION = YES;
				GCC_WARN_UNUSED_VARIABLE = YES;
				IPHONEOS_DEPLOYMENT_TARGET = 10.3;
				MTL_ENABLE_DEBUG_INFO = NO;
				SDKROOT = iphoneos;
				SWIFT_OPTIMIZATION_LEVEL = "-Owholemodule";
				TARGETED_DEVICE_FAMILY = "1,2";
				VALIDATE_PRODUCT = YES;
			};
			name = Release;
		};
		01CCC6261ED3598100AD367C /* Debug */ = {
			isa = XCBuildConfiguration;
			baseConfigurationReference = 8EF135E09234599695FBA691 /* Pods-Pros.debug.xcconfig */;
			buildSettings = {
				ASSETCATALOG_COMPILER_APPICON_NAME = AppIcon;
				INFOPLIST_FILE = Pros/Info.plist;
				LD_RUNPATH_SEARCH_PATHS = "$(inherited) @executable_path/Frameworks";
				PRODUCT_BUNDLE_IDENTIFIER = "Cold-And-Logical.Pros";
				PRODUCT_NAME = "$(TARGET_NAME)";
				SWIFT_VERSION = 3.0;
			};
			name = Debug;
		};
		01CCC6271ED3598100AD367C /* Release */ = {
			isa = XCBuildConfiguration;
			baseConfigurationReference = 8F323C13FBCC791C23196A1B /* Pods-Pros.release.xcconfig */;
			buildSettings = {
				ASSETCATALOG_COMPILER_APPICON_NAME = AppIcon;
				INFOPLIST_FILE = Pros/Info.plist;
				LD_RUNPATH_SEARCH_PATHS = "$(inherited) @executable_path/Frameworks";
				PRODUCT_BUNDLE_IDENTIFIER = "Cold-And-Logical.Pros";
				PRODUCT_NAME = "$(TARGET_NAME)";
				SWIFT_VERSION = 3.0;
			};
			name = Release;
		};
		01CCC6291ED3598100AD367C /* Debug */ = {
			isa = XCBuildConfiguration;
			baseConfigurationReference = D17BAAADB9AF5623FBC444C4 /* Pods-ProsTests.debug.xcconfig */;
			buildSettings = {
				ALWAYS_EMBED_SWIFT_STANDARD_LIBRARIES = "$(inherited)";
				BUNDLE_LOADER = "$(TEST_HOST)";
				INFOPLIST_FILE = ProsTests/Info.plist;
				LD_RUNPATH_SEARCH_PATHS = "$(inherited) @executable_path/Frameworks @loader_path/Frameworks";
				PRODUCT_BUNDLE_IDENTIFIER = "Cold-And-Logical.ProsTests";
				PRODUCT_NAME = "$(TARGET_NAME)";
				SWIFT_VERSION = 3.0;
				TEST_HOST = "$(BUILT_PRODUCTS_DIR)/Pros.app/Pros";
			};
			name = Debug;
		};
		01CCC62A1ED3598100AD367C /* Release */ = {
			isa = XCBuildConfiguration;
			baseConfigurationReference = EFE5E3B141C6A1E5F93E6958 /* Pods-ProsTests.release.xcconfig */;
			buildSettings = {
				ALWAYS_EMBED_SWIFT_STANDARD_LIBRARIES = "$(inherited)";
				BUNDLE_LOADER = "$(TEST_HOST)";
				INFOPLIST_FILE = ProsTests/Info.plist;
				LD_RUNPATH_SEARCH_PATHS = "$(inherited) @executable_path/Frameworks @loader_path/Frameworks";
				PRODUCT_BUNDLE_IDENTIFIER = "Cold-And-Logical.ProsTests";
				PRODUCT_NAME = "$(TARGET_NAME)";
				SWIFT_VERSION = 3.0;
				TEST_HOST = "$(BUILT_PRODUCTS_DIR)/Pros.app/Pros";
			};
			name = Release;
		};
		01CCC62C1ED3598100AD367C /* Debug */ = {
			isa = XCBuildConfiguration;
			baseConfigurationReference = D59C573FA9D993370C2F7299 /* Pods-ProsUITests.debug.xcconfig */;
			buildSettings = {
				ALWAYS_EMBED_SWIFT_STANDARD_LIBRARIES = "$(inherited)";
				INFOPLIST_FILE = ProsUITests/Info.plist;
				LD_RUNPATH_SEARCH_PATHS = "$(inherited) @executable_path/Frameworks @loader_path/Frameworks";
				PRODUCT_BUNDLE_IDENTIFIER = "Cold-And-Logical.ProsUITests";
				PRODUCT_NAME = "$(TARGET_NAME)";
				SWIFT_VERSION = 3.0;
				TEST_TARGET_NAME = Pros;
			};
			name = Debug;
		};
		01CCC62D1ED3598100AD367C /* Release */ = {
			isa = XCBuildConfiguration;
			baseConfigurationReference = 21571DD0E301ACF8A7D6BDEA /* Pods-ProsUITests.release.xcconfig */;
			buildSettings = {
				ALWAYS_EMBED_SWIFT_STANDARD_LIBRARIES = "$(inherited)";
				INFOPLIST_FILE = ProsUITests/Info.plist;
				LD_RUNPATH_SEARCH_PATHS = "$(inherited) @executable_path/Frameworks @loader_path/Frameworks";
				PRODUCT_BUNDLE_IDENTIFIER = "Cold-And-Logical.ProsUITests";
				PRODUCT_NAME = "$(TARGET_NAME)";
				SWIFT_VERSION = 3.0;
				TEST_TARGET_NAME = Pros;
			};
			name = Release;
		};
/* End XCBuildConfiguration section */

/* Begin XCConfigurationList section */
		01CCC5F81ED3598100AD367C /* Build configuration list for PBXProject "Pros" */ = {
			isa = XCConfigurationList;
			buildConfigurations = (
				01CCC6231ED3598100AD367C /* Debug */,
				01CCC6241ED3598100AD367C /* Release */,
			);
			defaultConfigurationIsVisible = 0;
			defaultConfigurationName = Release;
		};
		01CCC6251ED3598100AD367C /* Build configuration list for PBXNativeTarget "Pros" */ = {
			isa = XCConfigurationList;
			buildConfigurations = (
				01CCC6261ED3598100AD367C /* Debug */,
				01CCC6271ED3598100AD367C /* Release */,
			);
			defaultConfigurationIsVisible = 0;
			defaultConfigurationName = Release;
		};
		01CCC6281ED3598100AD367C /* Build configuration list for PBXNativeTarget "ProsTests" */ = {
			isa = XCConfigurationList;
			buildConfigurations = (
				01CCC6291ED3598100AD367C /* Debug */,
				01CCC62A1ED3598100AD367C /* Release */,
			);
			defaultConfigurationIsVisible = 0;
			defaultConfigurationName = Release;
		};
		01CCC62B1ED3598100AD367C /* Build configuration list for PBXNativeTarget "ProsUITests" */ = {
			isa = XCConfigurationList;
			buildConfigurations = (
				01CCC62C1ED3598100AD367C /* Debug */,
				01CCC62D1ED3598100AD367C /* Release */,
			);
			defaultConfigurationIsVisible = 0;
			defaultConfigurationName = Release;
		};
/* End XCConfigurationList section */
	};
	rootObject = 01CCC5F51ED3598100AD367C /* Project object */;
}
